name: halutmatmul
channels:
  - pytorch-nightly
  - intel
  - conda-forge
  - defaults
dependencies:
  - _libgcc_mutex=0.1=conda_forge
  - _openmp_mutex=4.5=1_gnu
  - asn1crypto=1.4.0=py_0
  - astroid=2.11.2=py39hf3d152e_1
  - attrs=21.2.0=pyhd3eb1b0_0
  - black=22.3.0=pyhd8ed1ab_0
  - blas=1.0=mkl
  - bzip2=1.0.8=hb9a14ef_9
  - ca-certificates=2021.10.26=h06a4308_2
  - certifi=2021.10.8=py39h06a4308_0
  - cffi=1.14.6=py39h400218f_0
  - cfgv=3.3.1=pyhd8ed1ab_0
  - chardet=4.0.0=py39h06a4308_1003
  - click=8.0.3=pyhd3eb1b0_0
  - colorama=0.4.4=pyh9f0ad1d_0
  - cpuonly=1.0=0
  - cryptography=3.3.2=py39h3d3d174_1
  - dataclasses=0.8=pyh6d0b6a4_7
  - dill=0.3.4=pyhd8ed1ab_0
  - distlib=0.3.4=pyhd8ed1ab_0
  - dpcpp-cpp-rt=2022.0.1=intel_3633
  - dpcpp_cpp_rt=2022.0.1=intel_3633
  - editdistance-s=1.0.0=py39h1a9c180_1
  - execnet=1.9.0=pyhd8ed1ab_0
  - ffmpeg=4.4=h3fd9d12_2
  - filelock=3.6.0=pyhd8ed1ab_0
  - freetype=2.10.4=h8e2d9d6_0
  - gmp=6.2.1=h58526e2_0
  - icc_rt=2022.0.1=intel_3633
  - identify=2.3.7=pyhd8ed1ab_0
  - idna=2.10=pyhd3eb1b0_0
  - iniconfig=1.1.1=pyh9f0ad1d_0
  - intel-cmplr-lib-rt=2022.0.1=intel_3633
  - intel-cmplr-lic-rt=2022.0.1=intel_3633
  - intel-opencl-rt=2022.0.1=intel_3633
  - intel-openmp=2022.0.1=intel_3633
  - intelpython=2022.0.0=0
  - isort=5.10.1=pyhd8ed1ab_0
  - joblib=1.0.1=pyhd3eb1b0_0
  - jpeg=9d=h36c2ea0_1
  - lame=3.100=h7f98852_1001
  - lazy-object-proxy=1.7.1=py39hb9d737c_1
  - lcms2=2.12=h3be6417_0
  - libblas=3.9.0=14_linux64_mkl
  - libcblas=3.9.0=14_linux64_mkl
  - libffi=3.3=14
  - libgcc-ng=11.2.0=h1d223b6_15
  - libgfortran-ng=9.3.0=ha5ec8a7_17
  - libgfortran5=9.3.0=ha5ec8a7_17
  - libgomp=11.2.0=h1d223b6_15
  - libiconv=1.15=h63c8f33_5
  - liblapack=3.9.0=14_linux64_mkl
  - libllvm11=11.0.0=h3826bc1_0
  - libpng=1.6.37=8
  - libstdcxx-ng=9.3.0=hdf63c60_101
  - libtiff=4.2.0=h3942068_0
  - libuv=1.40.0=h7b6447c_2
  - libwebp-base=1.2.0=h7f98852_2
  - llvmlite=0.37.0=py39h188ca7a_1
  - lz4-c=1.9.3=h688b341_1
  - mccabe=0.7.0=pyhd8ed1ab_0
  - mkl=2022.0.1=intel_117
  - mkl-service=2.4.0=py39h4119f30_10
  - mkl_fft=1.3.1=py39h8344fd8_7
  - mkl_random=1.2.2=py39h4ac99d2_7
  - mkl_umath=0.1.1=py39h03fa629_17
  - mypy=0.942=py39hb9d737c_0
  - mypy_extensions=0.4.3=py39hf3d152e_5
  - ncurses=6.2=hf61fa16_1
  - nodeenv=1.6.0=pyhd8ed1ab_0
  - numba=0.54.1=py39h671cb0e_3
  - numpy=1.21.2=py39hec4e512_7
  - numpy-base=1.21.2=py39h40791c5_7
  - olefile=0.46=pyhd3eb1b0_0
  - openh264=2.1.0=hd408876_0
  - openssl=1.1.1n=h166bdaf_0
  - packaging=21.0=py39h1546d3d_4
  - pathspec=0.9.0=pyhd8ed1ab_0
  - pillow=8.4.0=py39h5aabda8_0
  - pip=21.2.4=py39h06a4308_0
  - platformdirs=2.5.1=pyhd8ed1ab_0
  - pluggy=1.0.0=py39hf3d152e_3
  - pre-commit=2.18.1=py39hf3d152e_1
  - psutil=5.8.0=py39h27cfd23_1
  - py=1.11.0=pyh6c4a22f_0
  - pycparser=2.21=pyhd3eb1b0_0
  - pylint=2.13.5=pyhd8ed1ab_0
  - pyopenssl=21.0.0=pyhd3eb1b0_1
  - pyparsing=3.0.4=pyhd3eb1b0_0
  - pysocks=1.7.1=py39h06a4308_0
  - pytest=7.1.1=py39hf3d152e_1
  - pytest-forked=1.4.0=pyhd8ed1ab_0
  - pytest-xdist=2.5.0=pyhd8ed1ab_0
  - python=3.9.10=h3b4beac_1
  - python_abi=3.9=2_cp39
  - pytorch=1.12.0.dev20220411=py3.9_cpu_0
  - pytorch-mutex=1.0=cpu
  - pyyaml=6.0=py39h7f8727e_1
  - readline=8.1=h46c0cb4_0
  - requests=2.25.1=pyhd3eb1b0_0
  - scikit-learn=1.0.1=py39h51133e4_0
  - scipy=1.6.3=py39hee8e79c_0
  - setuptools=58.0.4=py39h06a4308_0
  - six=1.16.0=pyhd3eb1b0_0
  - sqlite=3.38.2=hc218d9a_0
  - tbb=2021.5.0=intel_707
  - tbb4py=2021.5.0=py39_intel_707
  - threadpoolctl=2.2.0=pyh0d69192_0
  - tk=8.6.10=h8e2d9d6_3
  - toml=0.10.2=pyhd8ed1ab_0
  - tomli=2.0.1=pyhd8ed1ab_0
  - torchvision=0.13.0.dev20220411=py39_cpu
  - typed-ast=1.5.2=py39h3811e60_0
  - typing-extensions=4.1.1=hd8ed1ab_0
  - typing_extensions=4.1.1=pyha770c72_0
  - urllib3=1.26.6=py39h6fed32d_1
  - virtualenv=20.14.0=py39hf3d152e_1
  - wheel=0.37.0=pyhd3eb1b0_1
  - wrapt=1.12.1=py39he8ac12f_1
  - xz=5.2.5=h74280d8_2
  - yaml=0.2.5=h7b6447c_0
  - zlib=1.2.11.1=h1e99aa7_5
  - zstd=1.4.5=h3f200d0_0
prefix: /home/msc22f5/.conda/envs/halutmatmul
