name: /scratch/janniss/conda/halutmatmul_gpu
channels:
  - pytorch
  - nvidia
  - conda-forge
  - defaults
dependencies:
  - _libgcc_mutex=0.1=conda_forge
  - _openmp_mutex=4.5=2_gnu
  - absl-py=1.3.0=pyhd8ed1ab_0
  - aiohttp=3.8.3=py39hb9d737c_1
  - aiosignal=1.3.1=pyhd8ed1ab_0
  - alsa-lib=1.2.3.2=h166bdaf_0
  - astroid=2.12.13=py39hf3d152e_0
  - async-timeout=4.0.2=pyhd8ed1ab_0
  - attrs=22.1.0=pyh71513ae_1
  - black=22.10.0=py39hf3d152e_2
  - blas=1.0=mkl
  - blinker=1.5=pyhd8ed1ab_0
  - brotli=1.0.9=h166bdaf_8
  - brotli-bin=1.0.9=h166bdaf_8
  - brotlipy=0.7.0=py39hb9d737c_1005
  - bzip2=1.0.8=h7f98852_4
  - c-ares=1.18.1=h7f98852_0
  - ca-certificates=2022.12.7=ha878542_0
  - cachetools=5.2.0=pyhd8ed1ab_0
  - certifi=2022.12.7=pyhd8ed1ab_0
  - cffi=1.15.1=py39he91dace_2
  - cfgv=3.3.1=pyhd8ed1ab_0
  - charset-normalizer=2.1.1=pyhd8ed1ab_0
  - click=8.1.3=unix_pyhd8ed1ab_2
  - colorama=0.4.6=pyhd8ed1ab_0
  - contourpy=1.0.6=py39hf939315_0
  - cryptography=38.0.4=py39hd97740a_0
  - cuda=11.7.1=0
  - cuda-cccl=11.7.91=0
  - cuda-command-line-tools=11.7.1=0
  - cuda-compiler=11.7.1=0
  - cuda-cudart=11.7.99=0
  - cuda-cudart-dev=11.7.99=0
  - cuda-cuobjdump=11.7.91=0
  - cuda-cupti=11.7.101=0
  - cuda-cuxxfilt=11.7.91=0
  - cuda-demo-suite=11.8.86=0
  - cuda-documentation=11.8.86=0
  - cuda-driver-dev=11.7.99=0
  - cuda-gdb=11.8.86=0
  - cuda-libraries=11.7.1=0
  - cuda-libraries-dev=11.7.1=0
  - cuda-memcheck=11.8.86=0
  - cuda-nsight=11.8.86=0
  - cuda-nsight-compute=11.8.0=0
  - cuda-nvcc=11.7.99=0
  - cuda-nvdisasm=11.8.86=0
  - cuda-nvml-dev=11.7.91=0
  - cuda-nvprof=11.8.87=0
  - cuda-nvprune=11.7.91=0
  - cuda-nvrtc=11.7.99=0
  - cuda-nvrtc-dev=11.7.99=0
  - cuda-nvtx=11.7.91=0
  - cuda-nvvp=11.8.87=0
  - cuda-runtime=11.7.1=0
  - cuda-sanitizer-api=11.8.86=0
  - cuda-toolkit=11.7.1=0
  - cuda-tools=11.7.1=0
  - cuda-visual-tools=11.7.1=0
  - cycler=0.11.0=pyhd8ed1ab_0
  - dbus=1.13.6=h5008d03_3
  - dill=0.3.6=pyhd8ed1ab_1
  - distlib=0.3.6=pyhd8ed1ab_0
  - exceptiongroup=1.0.4=pyhd8ed1ab_0
  - execnet=1.9.0=pyhd8ed1ab_0
  - expat=2.5.0=h27087fc_0
  - ffmpeg=4.3=hf484d3e_0
  - filelock=3.8.0=pyhd8ed1ab_0
  - font-ttf-dejavu-sans-mono=2.37=hab24e00_0
  - font-ttf-inconsolata=3.000=h77eed37_0
  - font-ttf-source-code-pro=2.038=h77eed37_0
  - font-ttf-ubuntu=0.83=hab24e00_0
  - fontconfig=2.14.1=hc2a2eb6_0
  - fonts-conda-ecosystem=1=0
  - fonts-conda-forge=1=0
  - fonttools=4.38.0=py39hb9d737c_1
  - freetype=2.12.1=hca18f0e_1
  - frozenlist=1.3.3=py39hb9d737c_0
  - gds-tools=1.4.0.31=0
  - gettext=0.21.1=h27087fc_0
  - glib=2.74.1=h6239696_1
  - glib-tools=2.74.1=h6239696_1
  - gmp=6.2.1=h58526e2_0
  - gnutls=3.6.13=h85f3911_1
  - google-auth=2.15.0=pyh1a96a4e_0
  - google-auth-oauthlib=0.4.6=pyhd8ed1ab_0
  - grpcio=1.51.1=py39h712372c_0
  - gst-plugins-base=1.20.2=hcf0ee16_0
  - gstreamer=1.20.3=hd4edc92_2
  - icu=69.1=h9c3ff4c_0
  - identify=2.5.9=pyhd8ed1ab_0
  - idna=3.4=pyhd8ed1ab_0
  - importlib-metadata=6.0.0=pyha770c72_0
  - iniconfig=1.1.1=pyh9f0ad1d_0
  - intel-openmp=2022.1.0=h9e868ea_3769
  - isort=5.10.1=pyhd8ed1ab_0
  - jinja2=3.1.2=py39h06a4308_0
  - joblib=1.2.0=pyhd8ed1ab_0
  - jpeg=9e=h166bdaf_2
  - keyutils=1.6.1=h166bdaf_0
  - kiwisolver=1.4.4=py39hf939315_1
  - krb5=1.20.1=hf9c8cef_0
  - lame=3.100=h166bdaf_1003
  - lazy-object-proxy=1.8.0=py39hb9d737c_0
  - lcms2=2.14=h6ed2654_0
  - ld_impl_linux-64=2.39=hcc3a1bd_1
  - lerc=4.0.0=h27087fc_0
  - libabseil=20220623.0=cxx17_h05df665_6
  - libblas=3.9.0=16_linux64_mkl
  - libbrotlicommon=1.0.9=h166bdaf_8
  - libbrotlidec=1.0.9=h166bdaf_8
  - libbrotlienc=1.0.9=h166bdaf_8
  - libcblas=3.9.0=16_linux64_mkl
  - libclang=13.0.1=default_hc23dcda_0
  - libcublas=11.11.3.6=0
  - libcublas-dev=11.11.3.6=0
  - libcufft=10.9.0.58=0
  - libcufft-dev=10.9.0.58=0
  - libcufile=1.4.0.31=0
  - libcufile-dev=1.4.0.31=0
  - libcurand=10.3.0.86=0
  - libcurand-dev=10.3.0.86=0
  - libcusolver=11.4.1.48=0
  - libcusolver-dev=11.4.1.48=0
  - libcusparse=11.7.5.86=0
  - libcusparse-dev=11.7.5.86=0
  - libdeflate=1.14=h166bdaf_0
  - libedit=3.1.20191231=he28a2e2_2
  - libevent=2.1.10=h9b69904_4
  - libffi=3.4.2=h7f98852_5
  - libflac=1.4.2=h27087fc_0
  - libgcc=7.2.0=h69d50b8_2
  - libgcc-ng=12.2.0=h65d4601_19
  - libgfortran-ng=12.2.0=h69a702a_19
  - libgfortran5=12.2.0=h337968e_19
  - libglib=2.74.1=h606061b_1
  - libgomp=12.2.0=h65d4601_19
  - libgrpc=1.51.1=h05bd8bd_0
  - libiconv=1.17=h166bdaf_0
  - liblapack=3.9.0=16_linux64_mkl
  - libllvm11=11.1.0=he0ac6c6_5
  - libllvm13=13.0.1=hf817b99_2
  - libnpp=11.8.0.86=0
  - libnpp-dev=11.8.0.86=0
  - libnsl=2.0.0=h7f98852_0
  - libnvjpeg=11.9.0.86=0
  - libnvjpeg-dev=11.9.0.86=0
  - libogg=1.3.4=h7f98852_1
  - libopus=1.3.1=h7f98852_1
  - libpng=1.6.39=h753d276_0
  - libpq=14.5=h2baec63_4
  - libprotobuf=3.21.12=h3eb15da_0
  - libsndfile=1.1.0=h27087fc_0
  - libsqlite=3.40.0=h753d276_0
  - libstdcxx-ng=12.2.0=h46fd767_19
  - libtiff=4.4.0=h55922b4_4
  - libuuid=2.32.1=h7f98852_1000
  - libuv=1.43.0=h7f98852_0
  - libvorbis=1.3.7=h9c3ff4c_0
  - libwebp-base=1.2.4=h166bdaf_0
  - libxcb=1.13=h7f98852_1004
  - libxkbcommon=1.0.3=he3ba5ed_0
  - libxml2=2.9.12=h885dcf4_1
  - libzlib=1.2.13=h166bdaf_4
  - llvmlite=0.39.1=py39h7d9a04d_1
  - markdown=3.4.1=pyhd8ed1ab_0
  - markupsafe=2.1.1=py39h7f8727e_0
  - matplotlib=3.6.2=py39hf3d152e_0
  - matplotlib-base=3.6.2=py39hf9fd14e_0
  - mccabe=0.7.0=pyhd8ed1ab_0
  - mkl=2022.1.0=hc2b9512_224
  - mpg123=1.30.2=h27087fc_1
  - multidict=6.0.4=py39h72bdee0_0
  - munkres=1.1.4=pyh9f0ad1d_0
  - mypy_extensions=0.4.3=py39hf3d152e_6
  - mysql-common=8.0.31=haf5c9bc_0
  - mysql-libs=8.0.31=h28c427c_0
  - ncurses=6.3=h27087fc_1
  - nettle=3.6=he412f7d_0
  - nodeenv=1.7.0=pyhd8ed1ab_0
  - nodejs=6.13.1=0
  - nsight-compute=2022.3.0.22=0
  - nspr=4.32=h9c3ff4c_1
  - nss=3.78=h2350873_0
  - numba=0.56.4=py39h61ddf18_0
  - numpy=1.21.2=py39hdbf815f_0
  - oauthlib=3.2.2=pyhd8ed1ab_0
  - openh264=2.1.1=h780b84a_0
  - openjpeg=2.5.0=h7d73246_1
  - openssl=1.1.1s=h0b41bf4_1
  - packaging=21.3=pyhd8ed1ab_0
  - pandas=1.5.2=py39h4661b88_0
  - pathspec=0.10.2=pyhd8ed1ab_0
  - patsy=0.5.3=pyhd8ed1ab_0
  - pcre2=10.40=hc3806b6_0
  - pillow=9.2.0=py39hf3a2cdf_3
  - pip=22.3.1=pyhd8ed1ab_0
  - platformdirs=2.5.2=pyhd8ed1ab_1
  - pluggy=1.0.0=pyhd8ed1ab_5
  - pre-commit=2.20.0=py39hf3d152e_1
  - protobuf=4.21.12=py39h227be39_0
  - pthread-stubs=0.4=h36c2ea0_1001
  - pyasn1=0.4.8=py_0
  - pyasn1-modules=0.2.7=py_0
  - pycparser=2.21=pyhd8ed1ab_0
  - pyjwt=2.6.0=pyhd8ed1ab_0
  - pylint=2.15.6=pyhd8ed1ab_0
  - pyopenssl=22.1.0=pyhd8ed1ab_0
  - pyparsing=3.0.9=pyhd8ed1ab_0
  - pyqt=5.12.3=py39hf3d152e_8
  - pyqt-impl=5.12.3=py39hde8b62d_8
  - pyqt5-sip=4.19.18=py39he80948d_8
  - pyqtchart=5.12=py39h0fcd23e_8
  - pyqtwebengine=5.12.1=py39h0fcd23e_8
  - pyright=1.1.281=py39hb9d737c_0
  - pysocks=1.7.1=pyha2e5f31_6
  - pysoundfile=0.11.0=pyhd8ed1ab_0
  - pytest=7.2.0=pyhd8ed1ab_2
  - pytest-xdist=3.0.2=pyhd8ed1ab_0
  - python=3.9.15=h47a2c10_0_cpython
  - python-dateutil=2.8.2=pyhd8ed1ab_0
  - python_abi=3.9=3_cp39
  - pytorch=1.13.0=py3.9_cuda11.7_cudnn8.5.0_0
  - pytorch-cuda=11.7=h67b0de4_0
  - pytorch-mutex=1.0=cuda
  - pytz=2022.6=pyhd8ed1ab_0
  - pyu2f=0.1.5=pyhd8ed1ab_0
  - pyyaml=6.0=py39hb9d737c_5
  - qt=5.12.9=h1304e3e_6
  - re2=2022.06.01=h27087fc_1
  - readline=8.1.2=h0f457ee_0
  - requests=2.28.1=pyhd8ed1ab_1
  - requests-oauthlib=1.3.1=pyhd8ed1ab_0
  - rsa=4.9=pyhd8ed1ab_0
  - scikit-learn=1.1.3=py39hd5c8da3_1
  - scipy=1.9.3=py39hddc5342_2
  - seaborn=0.12.1=hd8ed1ab_0
  - seaborn-base=0.12.1=pyhd8ed1ab_0
  - setuptools=65.5.1=pyhd8ed1ab_0
  - six=1.16.0=pyh6c4a22f_0
  - sqlite=3.40.0=h4ff8645_0
  - statsmodels=0.13.5=py39h2ae25f5_2
  - tensorboard=2.11.0=pyhd8ed1ab_0
  - tensorboard-data-server=0.6.1=py39hd97740a_4
  - tensorboard-plugin-wit=1.8.1=pyhd8ed1ab_0
  - threadpoolctl=3.1.0=pyh8a188c0_0
  - tk=8.6.12=h27826a3_0
  - toml=0.10.2=pyhd8ed1ab_0
  - tomli=2.0.1=pyhd8ed1ab_0
  - tomlkit=0.11.6=pyha770c72_0
  - torchaudio=0.13.0=py39_cu117
  - torchinfo=1.7.1=pyhd8ed1ab_0
  - torchvision=0.14.0=py39_cu117
  - tornado=6.2=py39hb9d737c_1
  - typing=3.10.0.0=pyhd8ed1ab_0
  - typing-extensions=4.4.0=hd8ed1ab_0
  - typing_extensions=4.4.0=pyha770c72_0
  - tzdata=2022f=h191b570_0
  - ukkonen=1.0.1=py39hf939315_3
  - unicodedata2=15.0.0=py39hb9d737c_0
  - urllib3=1.26.13=pyhd8ed1ab_0
  - virtualenv=20.16.7=py39hf3d152e_0
  - werkzeug=2.2.2=pyhd8ed1ab_0
  - wheel=0.38.4=pyhd8ed1ab_0
  - wrapt=1.14.1=py39hb9d737c_1
  - xorg-libxau=1.0.9=h7f98852_0
  - xorg-libxdmcp=1.1.3=h7f98852_0
  - xz=5.2.6=h166bdaf_0
  - yaml=0.2.5=h7f98852_2
  - yarl=1.8.2=py39hb9d737c_0
  - zipp=3.11.0=pyhd8ed1ab_0
  - zlib=1.2.13=h166bdaf_4
  - zstd=1.5.2=h6239696_4
  - pip:
      - beautifulsoup4==4.11.1
      - cocotb==1.7.2
      - cupy-cuda11x==11.3.0
      - fastrlock==0.8.1
      - find-libpython==0.3.0
      - huggingface-hub==0.11.1
      - jsonschema==4.17.3
      - pyrsistent==0.19.3
      - pytorch-nemo==0.0.8
      - ray==2.2.0
      - soupsieve==2.3.2.post1
      - timm==0.6.12
      - torch-tb-profiler==0.4.1
      - tqdm==4.64.1
prefix: /scratch/janniss/conda/halutmatmul_gpu
