name: /scratch2/janniss/conda/halutmatmul_hw
channels:
  - litex-hub
  - conda-forge
  - defaults
dependencies:
  - _libgcc_mutex=0.1=main
  - _openmp_mutex=5.1=1_gnu
  - astroid=2.11.6=py37h89c1867_0
  - attrs=21.4.0=pyhd8ed1ab_0
  - binutils_impl_linux-64=2.36.1=h193b22a_2
  - binutils_linux-64=2.36=hf3e587d_10
  - bison=3.8=h9c3ff4c_0
  - black=22.6.0=pyhd8ed1ab_0
  - blas=1.0=mkl
  - bzip2=1.0.8=h7f98852_4
  - c-ares=1.18.1=h7f98852_0
  - ca-certificates=2022.07.19=h06a4308_0
  - cffi=1.14.6=py37hc58025e_0
  - cfgv=3.3.1=pyhd8ed1ab_0
  - click=8.1.3=py37h89c1867_0
  - colorama=0.4.5=pyhd8ed1ab_0
  - dataclasses=0.8=pyhc8e2a94_3
  - dill=0.3.5.1=pyhd8ed1ab_0
  - distlib=0.3.5=pyhd8ed1ab_0
  - elfutils=0.185=he364ef2_0
  - execnet=1.9.0=pyhd8ed1ab_0
  - filelock=3.7.1=pyhd8ed1ab_0
  - flex=2.6.4=h58526e2_1004
  - gcc_impl_linux-64=11.2.0=h82a94d6_16
  - gcc_linux-64=11.2.0=h39a9532_10
  - gnutls=3.6.13=h85f3911_1
  - gxx_impl_linux-64=11.2.0=h82a94d6_16
  - gxx_linux-64=11.2.0=hacbe6df_10
  - icu=58.2=hf484d3e_1000
  - identify=2.5.2=pyhd8ed1ab_0
  - importlib-metadata=4.11.4=py37h89c1867_0
  - importlib_metadata=4.11.4=hd8ed1ab_0
  - iniconfig=1.1.1=pyh9f0ad1d_0
  - intel-openmp=2021.4.0=h06a4308_3561
  - isort=5.10.1=pyhd8ed1ab_0
  - kernel-headers_linux-64=2.6.32=he073ed8_15
  - keyutils=1.6.1=h166bdaf_0
  - krb5=1.19.3=h3790be6_0
  - lazy-object-proxy=1.7.1=py37h540881e_1
  - ld_impl_linux-64=2.36.1=hea4e1c9_2
  - libarchive=3.5.2=hccf745f_1
  - libboost=1.73.0=h28710b8_12
  - libcurl=7.79.1=h2574ce0_1
  - libedit=3.1.20191231=he28a2e2_2
  - libev=4.33=h516909a_1
  - libffi=3.3=h58526e2_2
  - libgcc-devel_linux-64=11.2.0=h0952999_16
  - libgcc-ng=11.2.0=h1234567_1
  - libgomp=11.2.0=h1234567_1
  - libmicrohttpd=0.9.75=h7f98852_0
  - libnghttp2=1.43.0=h812cca2_1
  - libsanitizer=11.2.0=he4da1e4_16
  - libssh2=1.10.0=ha56f1ee_2
  - libstdcxx-devel_linux-64=11.2.0=h0952999_16
  - libstdcxx-ng=12.1.0=ha89aaad_16
  - libxml2=2.9.14=h74e7548_0
  - lz4-c=1.9.3=h9c3ff4c_1
  - lzo=2.10=h516909a_1000
  - m4=1.4.18=h516909a_1001
  - mccabe=0.7.0=pyhd8ed1ab_0
  - mkl=2021.4.0=h06a4308_640
  - mkl-service=2.4.0=py37h7f8727e_0
  - mkl_fft=1.3.1=py37hd3c417c_0
  - mkl_random=1.2.2=py37h51133e4_0
  - mypy=0.942=py37h540881e_0
  - mypy_extensions=0.4.3=py37h89c1867_5
  - ncurses=6.3=h27087fc_1
  - nettle=3.6=he412f7d_0
  - nodeenv=1.7.0=pyhd8ed1ab_0
  - numpy=1.21.5=py37h6c91a56_3
  - numpy-base=1.21.5=py37ha15fc14_3
  - openroad=2.0_4526_gc525def45=20220720_121435
  - openssl=1.1.1q=h7f8727e_0
  - packaging=21.3=pyhd8ed1ab_0
  - patchelf=0.15.0=h58526e2_0
  - pathspec=0.9.0=pyhd8ed1ab_0
  - pip=22.2.1=pyhd8ed1ab_0
  - platformdirs=2.5.2=pyhd8ed1ab_1
  - pluggy=1.0.0=py37h89c1867_3
  - pre-commit=2.20.0=py37h89c1867_0
  - psutil=5.9.1=py37h540881e_0
  - py=1.11.0=pyh6c4a22f_0
  - pycparser=2.21=pyhd8ed1ab_0
  - pylint=2.14.5=pyhd8ed1ab_0
  - pyparsing=3.0.9=pyhd8ed1ab_0
  - pytest=7.1.2=py37h89c1867_0
  - pytest-forked=1.4.0=pyhd8ed1ab_0
  - pytest-xdist=2.5.0=pyhd8ed1ab_0
  - python=3.7.10=hffdb5ce_100_cpython
  - python_abi=3.7=2_cp37m
  - pyyaml=6.0=py37h540881e_4
  - readline=8.1.2=h7f8727e_1
  - setuptools=63.2.0=py37h89c1867_0
  - six=1.16.0=pyh6c4a22f_0
  - sqlite=3.36.0=h9cd32fc_2
  - sysroot_linux-64=2.12=he073ed8_15
  - tk=8.6.12=h1ccaba5_0
  - toml=0.10.2=pyhd8ed1ab_0
  - tomli=2.0.1=pyhd8ed1ab_0
  - tomlkit=0.11.1=pyha770c72_0
  - typed-ast=1.5.3=py37h540881e_0
  - typing=3.10.0.0=pyhd8ed1ab_0
  - typing-extensions=4.3.0=hd8ed1ab_0
  - typing_extensions=4.3.0=pyha770c72_0
  - ukkonen=1.0.1=py37h7cecad7_2
  - verible=0.0_2162_0_g80b07f9c=20220720_121435
  - verilator=4.224_57_ga5ddd10e=20220720_121435
  - virtualenv=20.16.1=py37h89c1867_0
  - wheel=0.37.1=pyhd8ed1ab_0
  - wrapt=1.14.1=py37h540881e_0
  - xz=5.2.5=h516909a_1
  - yaml=0.2.5=h7f98852_2
  - yosys=0.19_34_ga68190423=20220720_121435_py37
  - zachjs-sv2v=0.0.10_1_gc00f508=20220720_121435
  - zipp=3.8.0=pyhd8ed1ab_0
  - zlib=1.2.12=h7f8727e_2
  - zstd=1.5.2=ha4553b6_0
  - pip:
    - edalize==0.4.0
    - fusesoc==1.12.0
    - importlib-resources==5.9.0
    - ipyxact==0.3.2
    - jinja2==3.1.2
    - jsonschema==4.8.0
    - markupsafe==2.1.1
    - okonomiyaki==1.3.2
    - pyrsistent==0.18.1
    - simplesat==0.8.2
    - zipfile2==0.0.12
prefix: /scratch2/janniss/conda/halutmatmul_hw
