name: /scratch2/janniss/conda/halutmatmul_hw
channels:
  - joennlae
  - conda-forge
  - defaults
dependencies:
  - _libgcc_mutex=0.1=conda_forge
  - _openmp_mutex=4.5=2_gnu
  - astroid=2.11.6=py37h89c1867_0
  - attrs=22.1.0=pyh71513ae_1
  - binutils_impl_linux-64=2.36.1=h193b22a_2
  - binutils_linux-64=2.36=hf3e587d_10
  - bison=3.8=h9c3ff4c_0
  - black=22.6.0=pyhd8ed1ab_0
  - bzip2=1.0.8=h7f98852_4
  - c-ares=1.18.1=h7f98852_0
  - ca-certificates=2022.6.15=ha878542_0
  - cffi=1.14.6=py37hc58025e_0
  - cfgv=3.3.1=pyhd8ed1ab_0
  - click=8.1.3=py37h89c1867_0
  - colorama=0.4.5=pyhd8ed1ab_0
  - dataclasses=0.8=pyhc8e2a94_3
  - dbus=1.13.6=h48d8840_2
  - dill=0.3.5.1=pyhd8ed1ab_0
  - distlib=0.3.5=pyhd8ed1ab_0
  - elfutils=0.187=h989201e_0
  - execnet=1.9.0=pyhd8ed1ab_0
  - expat=2.4.8=h27087fc_0
  - filelock=3.7.1=pyhd8ed1ab_0
  - flex=2.6.4=h58526e2_1004
  - fontconfig=2.14.0=h8e229c2_0
  - freetype=2.10.4=h0708190_1
  - gcc_impl_linux-64=12.1.0=hea43390_16
  - gcc_linux-64=12.1.0=h3bb4806_10
  - gettext=0.19.8.1=h0b5b191_1005
  - glib=2.68.4=h9c3ff4c_0
  - glib-tools=2.68.4=h9c3ff4c_0
  - gnutls=3.7.6=he274497_3
  - gst-plugins-base=1.14.0=hbbd80ab_1
  - gstreamer=1.14.0=h28cd5cc_2
  - gxx_impl_linux-64=12.1.0=hea43390_16
  - gxx_linux-64=12.1.0=h1f501c1_10
  - icu=58.2=hf484d3e_1000
  - identify=2.5.2=pyhd8ed1ab_0
  - importlib-metadata=4.11.4=py37h89c1867_0
  - importlib_metadata=4.11.4=hd8ed1ab_0
  - iniconfig=1.1.1=pyh9f0ad1d_0
  - isort=5.10.1=pyhd8ed1ab_0
  - jpeg=9e=h166bdaf_2
  - kernel-headers_linux-64=2.6.32=he073ed8_15
  - keyutils=1.6.1=h166bdaf_0
  - krb5=1.19.3=h3790be6_0
  - lazy-object-proxy=1.7.1=py37h540881e_1
  - ld_impl_linux-64=2.36.1=hea4e1c9_2
  - libarchive=3.5.2=hb890918_3
  - libblas=3.9.0=15_linux64_openblas
  - libboost=1.73.0=h28710b8_12
  - libcblas=3.9.0=15_linux64_openblas
  - libcurl=7.83.1=h7bff187_0
  - libedit=3.1.20191231=he28a2e2_2
  - libev=4.33=h516909a_1
  - libffi=3.3=h58526e2_2
  - libgcc-devel_linux-64=12.1.0=h1ec3361_16
  - libgcc-ng=12.1.0=h8d9b700_16
  - libgfortran-ng=12.1.0=h69a702a_16
  - libgfortran5=12.1.0=hdcd56e2_16
  - libglib=2.68.4=h3e27bee_0
  - libgomp=12.1.0=h8d9b700_16
  - libiconv=1.16=h516909a_0
  - libidn2=2.3.3=h166bdaf_0
  - liblapack=3.9.0=15_linux64_openblas
  - libmicrohttpd=0.9.75=h2603550_1
  - libnghttp2=1.47.0=h727a467_0
  - libopenblas=0.3.20=pthreads_h78a6416_1
  - libpng=1.6.37=h753d276_3
  - libsanitizer=12.1.0=ha89aaad_16
  - libssh2=1.10.0=ha56f1ee_2
  - libstdcxx-devel_linux-64=12.1.0=h1ec3361_16
  - libstdcxx-ng=12.1.0=ha89aaad_16
  - libtasn1=4.18.0=h166bdaf_1
  - libunistring=0.9.10=h7f98852_0
  - libuuid=2.32.1=h7f98852_1000
  - libxcb=1.13=h7f98852_1004
  - libxml2=2.9.14=h74e7548_0
  - libzlib=1.2.12=h166bdaf_2
  - lz4-c=1.9.3=h9c3ff4c_1
  - lzo=2.10=h516909a_1000
  - m4=1.4.18=h516909a_1001
  - mako=1.2.1=pyhd8ed1ab_0
  - markupsafe=2.1.1=py37h540881e_1
  - mccabe=0.7.0=pyhd8ed1ab_0
  - mypy=0.942=py37h540881e_0
  - mypy_extensions=0.4.3=py37h89c1867_5
  - ncurses=6.3=h27087fc_1
  - nettle=3.8.1=hc379101_1
  - nodeenv=1.7.0=pyhd8ed1ab_0
  - numpy=1.21.6=py37h976b520_0
  - openroad-gui=2.0_4545_g5ca26d885=20220731_232007
  - openssl=1.1.1q=h166bdaf_0
  - packaging=21.3=pyhd8ed1ab_0
  - patchelf=0.15.0=h58526e2_0
  - pathspec=0.9.0=pyhd8ed1ab_0
  - pcre=8.45=h9c3ff4c_0
  - pip=22.2.1=pyhd8ed1ab_0
  - platformdirs=2.5.2=pyhd8ed1ab_1
  - pluggy=1.0.0=py37h89c1867_3
  - pre-commit=2.20.0=py37h89c1867_0
  - psutil=5.9.1=py37h540881e_0
  - pthread-stubs=0.4=h36c2ea0_1001
  - py=1.11.0=pyh6c4a22f_0
  - pycparser=2.21=pyhd8ed1ab_0
  - pylint=2.14.5=pyhd8ed1ab_0
  - pyparsing=3.0.9=pyhd8ed1ab_0
  - pytest=7.1.2=py37h89c1867_0
  - pytest-forked=1.4.0=pyhd8ed1ab_0
  - pytest-xdist=2.5.0=pyhd8ed1ab_0
  - python=3.7.10=hffdb5ce_100_cpython
  - python_abi=3.7=2_cp37m
  - pyyaml=6.0=py37h540881e_4
  - qt=5.9.7=h5867ecd_1
  - readline=8.1.2=h0f457ee_0
  - setuptools=63.3.0=py37h89c1867_0
  - six=1.16.0=pyh6c4a22f_0
  - sqlite=3.39.2=h4ff8645_0
  - sysroot_linux-64=2.12=he073ed8_15
  - tk=8.6.12=h27826a3_0
  - toml=0.10.2=pyhd8ed1ab_0
  - tomli=2.0.1=pyhd8ed1ab_0
  - tomlkit=0.11.1=pyha770c72_0
  - typed-ast=1.5.4=py37h540881e_0
  - typing=3.10.0.0=pyhd8ed1ab_0
  - typing-extensions=4.3.0=hd8ed1ab_0
  - typing_extensions=4.3.0=pyha770c72_0
  - ukkonen=1.0.1=py37h7cecad7_2
  - verible=0.0_2162_0_g80b07f9c=20220731_232007
  - verilator=4.224_69_g0d2bf23d=20220731_232007
  - virtualenv=20.16.2=py37h89c1867_0
  - wheel=0.37.1=pyhd8ed1ab_0
  - wrapt=1.14.1=py37h540881e_0
  - xorg-libxau=1.0.9=h7f98852_0
  - xorg-libxdmcp=1.1.3=h7f98852_0
  - xz=5.2.5=h516909a_1
  - yaml=0.2.5=h7f98852_2
  - yosys=0.19_37_g30a4218f5=20220731_232007_py37
  - zachjs-sv2v=0.0.10_1_gc00f508=20220731_232007
  - zipp=3.8.0=pyhd8ed1ab_0
  - zlib=1.2.12=h166bdaf_2
  - zstd=1.5.2=h8a70e8d_2
  - pip:
    - anytree==2.8.0
    - edalize==0.4.0
    - fusesoc==0.1
    - importlib-resources==5.9.0
    - jinja2==3.1.2
    - jsonschema==4.9.0
    - okonomiyaki==1.3.2
    - pkgutil-resolve-name==1.3.10
    - pyrsistent==0.18.1
    - simplesat==0.8.2
    - zipfile2==0.0.12
prefix: /scratch2/janniss/conda/halutmatmul_hw
